
Microsoft Visual Studio Solution File, Format Version 12.00
# Visual Studio Version 16
VisualStudioVersion = 16.0.28922.388
MinimumVisualStudioVersion = 10.0.40219.1
Project("{FAE04EC0-301F-11D3-BF4B-00C04F79EFBC}") = "Simplified 21", "Simplified 21\Simplified 21.csproj", "{D32D2047-A58D-4FFC-B8CB-98C176C0E1AD}"
EndProject
Global
	GlobalSection(SolutionConfigurationPlatforms) = preSolution
		Debug|Any CPU = Debug|Any CPU
		Release|Any CPU = Release|Any CPU
	EndGlobalSection
	GlobalSection(ProjectConfigurationPlatforms) = postSolution
		{D32D2047-A58D-4FFC-B8CB-98C176C0E1AD}.Debug|Any CPU.ActiveCfg = Debug|Any CPU
		{D32D2047-A58D-4FFC-B8CB-98C176C0E1AD}.Debug|Any CPU.Build.0 = Debug|Any CPU
		{D32D2047-A58D-4FFC-B8CB-98C176C0E1AD}.Release|Any CPU.ActiveCfg = Release|Any CPU
		{D32D2047-A58D-4FFC-B8CB-98C176C0E1AD}.Release|Any CPU.Build.0 = Release|Any CPU
	EndGlobalSection
	GlobalSection(SolutionProperties) = preSolution
		HideSolutionNode = FALSE
	EndGlobalSection
	GlobalSection(ExtensibilityGlobals) = postSolution
		SolutionGuid = {F29026E2-A33D-49D9-AB8E-4ACA718B40B7}
	EndGlobalSection
EndGlobal
