
Microsoft Visual Studio Solution File, Format Version 12.00
# Visual Studio Version 16
VisualStudioVersion = 16.0.28922.388
MinimumVisualStudioVersion = 10.0.40219.1
Project("{FAE04EC0-301F-11D3-BF4B-00C04F79EFBC}") = "PizzaOrderNoah", "PizzaOrderNoah\PizzaOrderNoah.csproj", "{05E3BFCB-34CE-4C7F-A300-E9FF75F2030A}"
EndProject
Global
	GlobalSection(SolutionConfigurationPlatforms) = preSolution
		Debug|Any CPU = Debug|Any CPU
		Release|Any CPU = Release|Any CPU
	EndGlobalSection
	GlobalSection(ProjectConfigurationPlatforms) = postSolution
		{05E3BFCB-34CE-4C7F-A300-E9FF75F2030A}.Debug|Any CPU.ActiveCfg = Debug|Any CPU
		{05E3BFCB-34CE-4C7F-A300-E9FF75F2030A}.Debug|Any CPU.Build.0 = Debug|Any CPU
		{05E3BFCB-34CE-4C7F-A300-E9FF75F2030A}.Release|Any CPU.ActiveCfg = Release|Any CPU
		{05E3BFCB-34CE-4C7F-A300-E9FF75F2030A}.Release|Any CPU.Build.0 = Release|Any CPU
	EndGlobalSection
	GlobalSection(SolutionProperties) = preSolution
		HideSolutionNode = FALSE
	EndGlobalSection
	GlobalSection(ExtensibilityGlobals) = postSolution
		SolutionGuid = {1F48F3A3-9CEE-4E76-8F3A-3F14BDBC0575}
	EndGlobalSection
EndGlobal
